
Microsoft Visual Studio Solution File, Format Version 12.00
# Visual Studio 2015
Project("{FAE04EC0-301F-11D3-BF4B-00C04F79EFBC}") = "Algorithms.CSharp", "Algorithms.CSharp.csproj", "{3E5356CF-00AC-F6C5-BADC-9A905361006E}"
EndProject
Global
	GlobalSection(SolutionConfigurationPlatforms) = preSolution
		Debug|Any CPU = Debug|Any CPU
		Release|Any CPU = Release|Any CPU
	EndGlobalSection
	GlobalSection(ProjectConfigurationPlatforms) = postSolution
		{3E5356CF-00AC-F6C5-BADC-9A905361006E}.Debug|Any CPU.ActiveCfg = Debug|Any CPU
		{3E5356CF-00AC-F6C5-BADC-9A905361006E}.Debug|Any CPU.Build.0 = Debug|Any CPU
		{3E5356CF-00AC-F6C5-BADC-9A905361006E}.Release|Any CPU.ActiveCfg = Release|Any CPU
		{3E5356CF-00AC-F6C5-BADC-9A905361006E}.Release|Any CPU.Build.0 = Release|Any CPU
	EndGlobalSection
	GlobalSection(SolutionProperties) = preSolution
		HideSolutionNode = FALSE
	EndGlobalSection
EndGlobal
